
Microsoft Visual Studio Solution File, Format Version 12.00
# Visual Studio 15
VisualStudioVersion = 15.0.28307.572
MinimumVisualStudioVersion = 10.0.40219.1
Project("{FAE04EC0-301F-11D3-BF4B-00C04F79EFBC}") = "Associations-API", "Associations-API\Associations-API.csproj", "{64DBDAAB-0D39-4277-922E-A95F5C4A1A91}"
EndProject
Project("{FAE04EC0-301F-11D3-BF4B-00C04F79EFBC}") = "Associations.Common", "Associations.Common\Associations.Common.csproj", "{5A4C54AC-EF57-4DD3-9651-5A73E7051D2A}"
EndProject
Project("{FAE04EC0-301F-11D3-BF4B-00C04F79EFBC}") = "Associations.BusinessLogic", "Associations.BusinessLogic\Associations.BusinessLogic.csproj", "{2CE02BB3-2E5F-42B9-B583-3BDB9E856253}"
EndProject
Project("{FAE04EC0-301F-11D3-BF4B-00C04F79EFBC}") = "Associations.DataAccess", "Associations.DataAccess\Associations.DataAccess.csproj", "{17C4DEA9-38FA-4702-85E9-E0B5D76200F4}"
EndProject
Global
	GlobalSection(SolutionConfigurationPlatforms) = preSolution
		Debug|Any CPU = Debug|Any CPU
		Release|Any CPU = Release|Any CPU
	EndGlobalSection
	GlobalSection(ProjectConfigurationPlatforms) = postSolution
		{64DBDAAB-0D39-4277-922E-A95F5C4A1A91}.Debug|Any CPU.ActiveCfg = Debug|Any CPU
		{64DBDAAB-0D39-4277-922E-A95F5C4A1A91}.Debug|Any CPU.Build.0 = Debug|Any CPU
		{64DBDAAB-0D39-4277-922E-A95F5C4A1A91}.Release|Any CPU.ActiveCfg = Release|Any CPU
		{64DBDAAB-0D39-4277-922E-A95F5C4A1A91}.Release|Any CPU.Build.0 = Release|Any CPU
		{5A4C54AC-EF57-4DD3-9651-5A73E7051D2A}.Debug|Any CPU.ActiveCfg = Debug|Any CPU
		{5A4C54AC-EF57-4DD3-9651-5A73E7051D2A}.Debug|Any CPU.Build.0 = Debug|Any CPU
		{5A4C54AC-EF57-4DD3-9651-5A73E7051D2A}.Release|Any CPU.ActiveCfg = Release|Any CPU
		{5A4C54AC-EF57-4DD3-9651-5A73E7051D2A}.Release|Any CPU.Build.0 = Release|Any CPU
		{2CE02BB3-2E5F-42B9-B583-3BDB9E856253}.Debug|Any CPU.ActiveCfg = Debug|Any CPU
		{2CE02BB3-2E5F-42B9-B583-3BDB9E856253}.Debug|Any CPU.Build.0 = Debug|Any CPU
		{2CE02BB3-2E5F-42B9-B583-3BDB9E856253}.Release|Any CPU.ActiveCfg = Release|Any CPU
		{2CE02BB3-2E5F-42B9-B583-3BDB9E856253}.Release|Any CPU.Build.0 = Release|Any CPU
		{17C4DEA9-38FA-4702-85E9-E0B5D76200F4}.Debug|Any CPU.ActiveCfg = Debug|Any CPU
		{17C4DEA9-38FA-4702-85E9-E0B5D76200F4}.Debug|Any CPU.Build.0 = Debug|Any CPU
		{17C4DEA9-38FA-4702-85E9-E0B5D76200F4}.Release|Any CPU.ActiveCfg = Release|Any CPU
		{17C4DEA9-38FA-4702-85E9-E0B5D76200F4}.Release|Any CPU.Build.0 = Release|Any CPU
	EndGlobalSection
	GlobalSection(SolutionProperties) = preSolution
		HideSolutionNode = FALSE
	EndGlobalSection
	GlobalSection(ExtensibilityGlobals) = postSolution
		SolutionGuid = {37A4D8CE-7433-46DD-AA6B-24C867F3CFCF}
	EndGlobalSection
EndGlobal
